
Microsoft Visual Studio Solution File, Format Version 12.00
# Visual Studio Version 17
VisualStudioVersion = 17.11.35312.102
MinimumVisualStudioVersion = 10.0.40219.1
Project("{FAE04EC0-301F-11D3-BF4B-00C04F79EFBC}") = "Flood and Disaster Prediction", "Flood and Disaster Prediction\Flood and Disaster Prediction.csproj", "{1E4F6E67-87B5-4B65-8836-FEE1E956AB82}"
EndProject
Global
	GlobalSection(SolutionConfigurationPlatforms) = preSolution
		Debug|Any CPU = Debug|Any CPU
		Release|Any CPU = Release|Any CPU
	EndGlobalSection
	GlobalSection(ProjectConfigurationPlatforms) = postSolution
		{1E4F6E67-87B5-4B65-8836-FEE1E956AB82}.Debug|Any CPU.ActiveCfg = Debug|Any CPU
		{1E4F6E67-87B5-4B65-8836-FEE1E956AB82}.Debug|Any CPU.Build.0 = Debug|Any CPU
		{1E4F6E67-87B5-4B65-8836-FEE1E956AB82}.Release|Any CPU.ActiveCfg = Release|Any CPU
		{1E4F6E67-87B5-4B65-8836-FEE1E956AB82}.Release|Any CPU.Build.0 = Release|Any CPU
	EndGlobalSection
	GlobalSection(SolutionProperties) = preSolution
		HideSolutionNode = FALSE
	EndGlobalSection
	GlobalSection(ExtensibilityGlobals) = postSolution
		SolutionGuid = {A9E45E98-9CF7-477B-B910-FC48E3515588}
	EndGlobalSection
EndGlobal
